
Microsoft Visual Studio Solution File, Format Version 10.00
# Visual C# Express 2008
Project("{FAE04EC0-301F-11D3-BF4B-00C04F79EFBC}") = "regingdb", "regingdb\regingdb.csproj", "{6812A333-990B-4DA6-A48C-643E92FD3F64}"
EndProject
Global
	GlobalSection(SolutionConfigurationPlatforms) = preSolution
		Debug|Any CPU = Debug|Any CPU
		Release|Any CPU = Release|Any CPU
	EndGlobalSection
	GlobalSection(ProjectConfigurationPlatforms) = postSolution
		{6812A333-990B-4DA6-A48C-643E92FD3F64}.Debug|Any CPU.ActiveCfg = Debug|Any CPU
		{6812A333-990B-4DA6-A48C-643E92FD3F64}.Debug|Any CPU.Build.0 = Debug|Any CPU
		{6812A333-990B-4DA6-A48C-643E92FD3F64}.Release|Any CPU.ActiveCfg = Release|Any CPU
		{6812A333-990B-4DA6-A48C-643E92FD3F64}.Release|Any CPU.Build.0 = Release|Any CPU
	EndGlobalSection
	GlobalSection(SolutionProperties) = preSolution
		HideSolutionNode = FALSE
	EndGlobalSection
EndGlobal
